// !$*UTF8*$!
{
	archiveVersion = 1;
	classes = {
	};
	objectVersion = 50;
	objects = {

/* Begin PBXBuildFile section */
		E90A3FE620F7614400E98DB7 /* AppDelegate.swift in Sources */ = {isa = PBXBuildFile; fileRef = E90A3FE520F7614400E98DB7 /* AppDelegate.swift */; };
		E90A3FE820F7614500E98DB7 /* Assets.xcassets in Resources */ = {isa = PBXBuildFile; fileRef = E90A3FE720F7614500E98DB7 /* Assets.xcassets */; };
		E90A3FEB20F7614500E98DB7 /* MainMenu.xib in Resources */ = {isa = PBXBuildFile; fileRef = E90A3FE920F7614500E98DB7 /* MainMenu.xib */; };
		E90A3FF620F77B0000E98DB7 /* Keymap.swift in Sources */ = {isa = PBXBuildFile; fileRef = E90A3FF520F77B0000E98DB7 /* Keymap.swift */; };
		E913146C210B66ED00FB9C70 /* AppDelegate.swift in Sources */ = {isa = PBXBuildFile; fileRef = E913146B210B66ED00FB9C70 /* AppDelegate.swift */; };
		E913146E210B66ED00FB9C70 /* ViewController.swift in Sources */ = {isa = PBXBuildFile; fileRef = E913146D210B66ED00FB9C70 /* ViewController.swift */; };
		E9131471210B66ED00FB9C70 /* Main.storyboard in Resources */ = {isa = PBXBuildFile; fileRef = E913146F210B66ED00FB9C70 /* Main.storyboard */; };
		E9131473210B66EF00FB9C70 /* Assets.xcassets in Resources */ = {isa = PBXBuildFile; fileRef = E9131472210B66EF00FB9C70 /* Assets.xcassets */; };
		E9131476210B66EF00FB9C70 /* LaunchScreen.storyboard in Resources */ = {isa = PBXBuildFile; fileRef = E9131474210B66EF00FB9C70 /* LaunchScreen.storyboard */; };
/* End PBXBuildFile section */

/* Begin PBXFileReference section */
		E90A3FE220F7614400E98DB7 /* locker.app */ = {isa = PBXFileReference; explicitFileType = wrapper.application; includeInIndex = 0; path = locker.app; sourceTree = BUILT_PRODUCTS_DIR; };
		E90A3FE520F7614400E98DB7 /* AppDelegate.swift */ = {isa = PBXFileReference; lastKnownFileType = sourcecode.swift; path = AppDelegate.swift; sourceTree = "<group>"; };
		E90A3FE720F7614500E98DB7 /* Assets.xcassets */ = {isa = PBXFileReference; lastKnownFileType = folder.assetcatalog; path = Assets.xcassets; sourceTree = "<group>"; };
		E90A3FEA20F7614500E98DB7 /* Base */ = {isa = PBXFileReference; lastKnownFileType = file.xib; name = Base; path = Base.lproj/MainMenu.xib; sourceTree = "<group>"; };
		E90A3FEC20F7614500E98DB7 /* Info.plist */ = {isa = PBXFileReference; lastKnownFileType = text.plist.xml; path = Info.plist; sourceTree = "<group>"; };
		E90A3FED20F7614500E98DB7 /* locker.entitlements */ = {isa = PBXFileReference; lastKnownFileType = text.plist.entitlements; path = locker.entitlements; sourceTree = "<group>"; };
		E90A3FF520F77B0000E98DB7 /* Keymap.swift */ = {isa = PBXFileReference; lastKnownFileType = sourcecode.swift; path = Keymap.swift; sourceTree = "<group>"; };
		E9131469210B66ED00FB9C70 /* Lockerphone.app */ = {isa = PBXFileReference; explicitFileType = wrapper.application; includeInIndex = 0; path = Lockerphone.app; sourceTree = BUILT_PRODUCTS_DIR; };
		E913146B210B66ED00FB9C70 /* AppDelegate.swift */ = {isa = PBXFileReference; lastKnownFileType = sourcecode.swift; path = AppDelegate.swift; sourceTree = "<group>"; };
		E913146D210B66ED00FB9C70 /* ViewController.swift */ = {isa = PBXFileReference; lastKnownFileType = sourcecode.swift; path = ViewController.swift; sourceTree = "<group>"; };
		E9131470210B66ED00FB9C70 /* Base */ = {isa = PBXFileReference; lastKnownFileType = file.storyboard; name = Base; path = Base.lproj/Main.storyboard; sourceTree = "<group>"; };
		E9131472210B66EF00FB9C70 /* Assets.xcassets */ = {isa = PBXFileReference; lastKnownFileType = folder.assetcatalog; path = Assets.xcassets; sourceTree = "<group>"; };
		E9131475210B66EF00FB9C70 /* Base */ = {isa = PBXFileReference; lastKnownFileType = file.storyboard; name = Base; path = Base.lproj/LaunchScreen.storyboard; sourceTree = "<group>"; };
		E9131477210B66EF00FB9C70 /* Info.plist */ = {isa = PBXFileReference; lastKnownFileType = text.plist.xml; path = Info.plist; sourceTree = "<group>"; };
		E9D3E2D621186CEE000F1F54 /* README.md */ = {isa = PBXFileReference; lastKnownFileType = net.daringfireball.markdown; path = README.md; sourceTree = "<group>"; };
/* End PBXFileReference section */

/* Begin PBXFrameworksBuildPhase section */
		E90A3FDF20F7614400E98DB7 /* Frameworks */ = {
			isa = PBXFrameworksBuildPhase;
			buildActionMask = 2147483647;
			files = (
			);
			runOnlyForDeploymentPostprocessing = 0;
		};
		E9131466210B66ED00FB9C70 /* Frameworks */ = {
			isa = PBXFrameworksBuildPhase;
			buildActionMask = 2147483647;
			files = (
			);
			runOnlyForDeploymentPostprocessing = 0;
		};
/* End PBXFrameworksBuildPhase section */

/* Begin PBXGroup section */
		E90A3FD920F7614400E98DB7 = {
			isa = PBXGroup;
			children = (
				E90A3FE420F7614400E98DB7 /* locker */,
				E913146A210B66ED00FB9C70 /* Lockerphone */,
				E90A3FE320F7614400E98DB7 /* Products */,
			);
			sourceTree = "<group>";
		};
		E90A3FE320F7614400E98DB7 /* Products */ = {
			isa = PBXGroup;
			children = (
				E90A3FE220F7614400E98DB7 /* locker.app */,
				E9131469210B66ED00FB9C70 /* Lockerphone.app */,
			);
			name = Products;
			sourceTree = "<group>";
		};
		E90A3FE420F7614400E98DB7 /* locker */ = {
			isa = PBXGroup;
			children = (
				E90A3FE520F7614400E98DB7 /* AppDelegate.swift */,
				E90A3FE720F7614500E98DB7 /* Assets.xcassets */,
				E90A3FE920F7614500E98DB7 /* MainMenu.xib */,
				E90A3FEC20F7614500E98DB7 /* Info.plist */,
				E90A3FED20F7614500E98DB7 /* locker.entitlements */,
				E90A3FF520F77B0000E98DB7 /* Keymap.swift */,
				E9D3E2D621186CEE000F1F54 /* README.md */,
			);
			path = locker;
			sourceTree = "<group>";
		};
		E913146A210B66ED00FB9C70 /* Lockerphone */ = {
			isa = PBXGroup;
			children = (
				E913146B210B66ED00FB9C70 /* AppDelegate.swift */,
				E913146D210B66ED00FB9C70 /* ViewController.swift */,
				E913146F210B66ED00FB9C70 /* Main.storyboard */,
				E9131472210B66EF00FB9C70 /* Assets.xcassets */,
				E9131474210B66EF00FB9C70 /* LaunchScreen.storyboard */,
				E9131477210B66EF00FB9C70 /* Info.plist */,
			);
			path = Lockerphone;
			sourceTree = "<group>";
		};
/* End PBXGroup section */

/* Begin PBXNativeTarget section */
		E90A3FE120F7614400E98DB7 /* locker */ = {
			isa = PBXNativeTarget;
			buildConfigurationList = E90A3FF020F7614500E98DB7 /* Build configuration list for PBXNativeTarget "locker" */;
			buildPhases = (
				E90A3FDE20F7614400E98DB7 /* Sources */,
				E90A3FDF20F7614400E98DB7 /* Frameworks */,
				E90A3FE020F7614400E98DB7 /* Resources */,
			);
			buildRules = (
			);
			dependencies = (
			);
			name = locker;
			productName = locker;
			productReference = E90A3FE220F7614400E98DB7 /* locker.app */;
			productType = "com.apple.product-type.application";
		};
		E9131468210B66ED00FB9C70 /* Lockerphone */ = {
			isa = PBXNativeTarget;
			buildConfigurationList = E913147A210B66EF00FB9C70 /* Build configuration list for PBXNativeTarget "Lockerphone" */;
			buildPhases = (
				E9131465210B66ED00FB9C70 /* Sources */,
				E9131466210B66ED00FB9C70 /* Frameworks */,
				E9131467210B66ED00FB9C70 /* Resources */,
			);
			buildRules = (
			);
			dependencies = (
			);
			name = Lockerphone;
			productName = Lockerphone;
			productReference = E9131469210B66ED00FB9C70 /* Lockerphone.app */;
			productType = "com.apple.product-type.application";
		};
/* End PBXNativeTarget section */

/* Begin PBXProject section */
		E90A3FDA20F7614400E98DB7 /* Project object */ = {
			isa = PBXProject;
			attributes = {
				LastSwiftUpdateCheck = 0940;
				LastUpgradeCheck = 0940;
				ORGANIZATIONNAME = outraxx.de;
				TargetAttributes = {
					E90A3FE120F7614400E98DB7 = {
						CreatedOnToolsVersion = 9.4.1;
						SystemCapabilities = {
							com.apple.Sandbox = {
								enabled = 0;
							};
						};
					};
					E9131468210B66ED00FB9C70 = {
						CreatedOnToolsVersion = 9.4.1;
						SystemCapabilities = {
							com.apple.BackgroundModes = {
								enabled = 1;
							};
						};
					};
				};
			};
			buildConfigurationList = E90A3FDD20F7614400E98DB7 /* Build configuration list for PBXProject "Locker" */;
			compatibilityVersion = "Xcode 9.3";
			developmentRegion = en;
			hasScannedForEncodings = 0;
			knownRegions = (
				en,
				Base,
			);
			mainGroup = E90A3FD920F7614400E98DB7;
			productRefGroup = E90A3FE320F7614400E98DB7 /* Products */;
			projectDirPath = "";
			projectRoot = "";
			targets = (
				E90A3FE120F7614400E98DB7 /* locker */,
				E9131468210B66ED00FB9C70 /* Lockerphone */,
			);
		};
/* End PBXProject section */

/* Begin PBXResourcesBuildPhase section */
		E90A3FE020F7614400E98DB7 /* Resources */ = {
			isa = PBXResourcesBuildPhase;
			buildActionMask = 2147483647;
			files = (
				E90A3FE820F7614500E98DB7 /* Assets.xcassets in Resources */,
				E90A3FEB20F7614500E98DB7 /* MainMenu.xib in Resources */,
			);
			runOnlyForDeploymentPostprocessing = 0;
		};
		E9131467210B66ED00FB9C70 /* Resources */ = {
			isa = PBXResourcesBuildPhase;
			buildActionMask = 2147483647;
			files = (
				E9131476210B66EF00FB9C70 /* LaunchScreen.storyboard in Resources */,
				E9131473210B66EF00FB9C70 /* Assets.xcassets in Resources */,
				E9131471210B66ED00FB9C70 /* Main.storyboard in Resources */,
			);
			runOnlyForDeploymentPostprocessing = 0;
		};
/* End PBXResourcesBuildPhase section */

/* Begin PBXSourcesBuildPhase section */
		E90A3FDE20F7614400E98DB7 /* Sources */ = {
			isa = PBXSourcesBuildPhase;
			buildActionMask = 2147483647;
			files = (
				E90A3FF620F77B0000E98DB7 /* Keymap.swift in Sources */,
				E90A3FE620F7614400E98DB7 /* AppDelegate.swift in Sources */,
			);
			runOnlyForDeploymentPostprocessing = 0;
		};
		E9131465210B66ED00FB9C70 /* Sources */ = {
			isa = PBXSourcesBuildPhase;
			buildActionMask = 2147483647;
			files = (
				E913146E210B66ED00FB9C70 /* ViewController.swift in Sources */,
				E913146C210B66ED00FB9C70 /* AppDelegate.swift in Sources */,
			);
			runOnlyForDeploymentPostprocessing = 0;
		};
/* End PBXSourcesBuildPhase section */

/* Begin PBXVariantGroup section */
		E90A3FE920F7614500E98DB7 /* MainMenu.xib */ = {
			isa = PBXVariantGroup;
			children = (
				E90A3FEA20F7614500E98DB7 /* Base */,
			);
			name = MainMenu.xib;
			sourceTree = "<group>";
		};
		E913146F210B66ED00FB9C70 /* Main.storyboard */ = {
			isa = PBXVariantGroup;
			children = (
				E9131470210B66ED00FB9C70 /* Base */,
			);
			name = Main.storyboard;
			sourceTree = "<group>";
		};
		E9131474210B66EF00FB9C70 /* LaunchScreen.storyboard */ = {
			isa = PBXVariantGroup;
			children = (
				E9131475210B66EF00FB9C70 /* Base */,
			);
			name = LaunchScreen.storyboard;
			sourceTree = "<group>";
		};
/* End PBXVariantGroup section */

/* Begin XCBuildConfiguration section */
		E90A3FEE20F7614500E98DB7 /* Debug */ = {
			isa = XCBuildConfiguration;
			buildSettings = {
				ALWAYS_SEARCH_USER_PATHS = NO;
				CLANG_ANALYZER_NONNULL = YES;
				CLANG_ANALYZER_NUMBER_OBJECT_CONVERSION = YES_AGGRESSIVE;
				CLANG_CXX_LANGUAGE_STANDARD = "gnu++14";
				CLANG_CXX_LIBRARY = "libc++";
				CLANG_ENABLE_MODULES = YES;
				CLANG_ENABLE_OBJC_ARC = YES;
				CLANG_ENABLE_OBJC_WEAK = YES;
				CLANG_WARN_BLOCK_CAPTURE_AUTORELEASING = YES;
				CLANG_WARN_BOOL_CONVERSION = YES;
				CLANG_WARN_COMMA = YES;
				CLANG_WARN_CONSTANT_CONVERSION = YES;
				CLANG_WARN_DEPRECATED_OBJC_IMPLEMENTATIONS = YES;
				CLANG_WARN_DIRECT_OBJC_ISA_USAGE = YES_ERROR;
				CLANG_WARN_DOCUMENTATION_COMMENTS = YES;
				CLANG_WARN_EMPTY_BODY = YES;
				CLANG_WARN_ENUM_CONVERSION = YES;
				CLANG_WARN_INFINITE_RECURSION = YES;
				CLANG_WARN_INT_CONVERSION = YES;
				CLANG_WARN_NON_LITERAL_NULL_CONVERSION = YES;
				CLANG_WARN_OBJC_IMPLICIT_RETAIN_SELF = YES;
				CLANG_WARN_OBJC_LITERAL_CONVERSION = YES;
				CLANG_WARN_OBJC_ROOT_CLASS = YES_ERROR;
				CLANG_WARN_RANGE_LOOP_ANALYSIS = YES;
				CLANG_WARN_STRICT_PROTOTYPES = YES;
				CLANG_WARN_SUSPICIOUS_MOVE = YES;
				CLANG_WARN_UNGUARDED_AVAILABILITY = YES_AGGRESSIVE;
				CLANG_WARN_UNREACHABLE_CODE = YES;
				CLANG_WARN__DUPLICATE_METHOD_MATCH = YES;
				CODE_SIGN_IDENTITY = "Mac Developer";
				COPY_PHASE_STRIP = NO;
				DEBUG_INFORMATION_FORMAT = dwarf;
				ENABLE_STRICT_OBJC_MSGSEND = YES;
				ENABLE_TESTABILITY = YES;
				GCC_C_LANGUAGE_STANDARD = gnu11;
				GCC_DYNAMIC_NO_PIC = NO;
				GCC_NO_COMMON_BLOCKS = YES;
				GCC_OPTIMIZATION_LEVEL = 0;
				GCC_PREPROCESSOR_DEFINITIONS = (
					"DEBUG=1",
					"$(inherited)",
				);
				GCC_WARN_64_TO_32_BIT_CONVERSION = YES;
				GCC_WARN_ABOUT_RETURN_TYPE = YES_ERROR;
				GCC_WARN_UNDECLARED_SELECTOR = YES;
				GCC_WARN_UNINITIALIZED_AUTOS = YES_AGGRESSIVE;
				GCC_WARN_UNUSED_FUNCTION = YES;
				GCC_WARN_UNUSED_VARIABLE = YES;
				MACOSX_DEPLOYMENT_TARGET = 10.13;
				MTL_ENABLE_DEBUG_INFO = YES;
				ONLY_ACTIVE_ARCH = YES;
				SDKROOT = macosx;
				SWIFT_ACTIVE_COMPILATION_CONDITIONS = DEBUG;
				SWIFT_OPTIMIZATION_LEVEL = "-Onone";
			};
			name = Debug;
		};
		E90A3FEF20F7614500E98DB7 /* Release */ = {
			isa = XCBuildConfiguration;
			buildSettings = {
				ALWAYS_SEARCH_USER_PATHS = NO;
				CLANG_ANALYZER_NONNULL = YES;
				CLANG_ANALYZER_NUMBER_OBJECT_CONVERSION = YES_AGGRESSIVE;
				CLANG_CXX_LANGUAGE_STANDARD = "gnu++14";
				CLANG_CXX_LIBRARY = "libc++";
				CLANG_ENABLE_MODULES = YES;
				CLANG_ENABLE_OBJC_ARC = YES;
				CLANG_ENABLE_OBJC_WEAK = YES;
				CLANG_WARN_BLOCK_CAPTURE_AUTORELEASING = YES;
				CLANG_WARN_BOOL_CONVERSION = YES;
				CLANG_WARN_COMMA = YES;
				CLANG_WARN_CONSTANT_CONVERSION = YES;
				CLANG_WARN_DEPRECATED_OBJC_IMPLEMENTATIONS = YES;
				CLANG_WARN_DIRECT_OBJC_ISA_USAGE = YES_ERROR;
				CLANG_WARN_DOCUMENTATION_COMMENTS = YES;
				CLANG_WARN_EMPTY_BODY = YES;
				CLANG_WARN_ENUM_CONVERSION = YES;
				CLANG_WARN_INFINITE_RECURSION = YES;
				CLANG_WARN_INT_CONVERSION = YES;
				CLANG_WARN_NON_LITERAL_NULL_CONVERSION = YES;
				CLANG_WARN_OBJC_IMPLICIT_RETAIN_SELF = YES;
				CLANG_WARN_OBJC_LITERAL_CONVERSION = YES;
				CLANG_WARN_OBJC_ROOT_CLASS = YES_ERROR;
				CLANG_WARN_RANGE_LOOP_ANALYSIS = YES;
				CLANG_WARN_STRICT_PROTOTYPES = YES;
				CLANG_WARN_SUSPICIOUS_MOVE = YES;
				CLANG_WARN_UNGUARDED_AVAILABILITY = YES_AGGRESSIVE;
				CLANG_WARN_UNREACHABLE_CODE = YES;
				CLANG_WARN__DUPLICATE_METHOD_MATCH = YES;
				CODE_SIGN_IDENTITY = "Mac Developer";
				COPY_PHASE_STRIP = NO;
				DEBUG_INFORMATION_FORMAT = "dwarf-with-dsym";
				ENABLE_NS_ASSERTIONS = NO;
				ENABLE_STRICT_OBJC_MSGSEND = YES;
				GCC_C_LANGUAGE_STANDARD = gnu11;
				GCC_NO_COMMON_BLOCKS = YES;
				GCC_WARN_64_TO_32_BIT_CONVERSION = YES;
				GCC_WARN_ABOUT_RETURN_TYPE = YES_ERROR;
				GCC_WARN_UNDECLARED_SELECTOR = YES;
				GCC_WARN_UNINITIALIZED_AUTOS = YES_AGGRESSIVE;
				GCC_WARN_UNUSED_FUNCTION = YES;
				GCC_WARN_UNUSED_VARIABLE = YES;
				MACOSX_DEPLOYMENT_TARGET = 10.13;
				MTL_ENABLE_DEBUG_INFO = NO;
				SDKROOT = macosx;
				SWIFT_COMPILATION_MODE = wholemodule;
				SWIFT_OPTIMIZATION_LEVEL = "-O";
			};
			name = Release;
		};
		E90A3FF120F7614500E98DB7 /* Debug */ = {
			isa = XCBuildConfiguration;
			buildSettings = {
				ASSETCATALOG_COMPILER_APPICON_NAME = AppIcon;
				CODE_SIGN_STYLE = Automatic;
				COMBINE_HIDPI_IMAGES = YES;
				DEVELOPMENT_TEAM = E3QRUJBWAG;
				INFOPLIST_FILE = locker/Info.plist;
				LD_RUNPATH_SEARCH_PATHS = (
					"$(inherited)",
					"@executable_path/../Frameworks",
				);
				MACOSX_DEPLOYMENT_TARGET = 10.11;
				PRODUCT_BUNDLE_IDENTIFIER = outraxx.de.locker;
				PRODUCT_NAME = "$(TARGET_NAME)";
				SWIFT_VERSION = 4.0;
			};
			name = Debug;
		};
		E90A3FF220F7614500E98DB7 /* Release */ = {
			isa = XCBuildConfiguration;
			buildSettings = {
				ASSETCATALOG_COMPILER_APPICON_NAME = AppIcon;
				CODE_SIGN_STYLE = Automatic;
				COMBINE_HIDPI_IMAGES = YES;
				DEVELOPMENT_TEAM = E3QRUJBWAG;
				INFOPLIST_FILE = locker/Info.plist;
				LD_RUNPATH_SEARCH_PATHS = (
					"$(inherited)",
					"@executable_path/../Frameworks",
				);
				MACOSX_DEPLOYMENT_TARGET = 10.11;
				PRODUCT_BUNDLE_IDENTIFIER = outraxx.de.locker;
				PRODUCT_NAME = "$(TARGET_NAME)";
				SWIFT_VERSION = 4.0;
			};
			name = Release;
		};
		E9131478210B66EF00FB9C70 /* Debug */ = {
			isa = XCBuildConfiguration;
			buildSettings = {
				ASSETCATALOG_COMPILER_APPICON_NAME = AppIcon;
				CODE_SIGN_IDENTITY = "iPhone Developer";
				CODE_SIGN_STYLE = Automatic;
				DEVELOPMENT_TEAM = E3QRUJBWAG;
				INFOPLIST_FILE = Lockerphone/Info.plist;
				IPHONEOS_DEPLOYMENT_TARGET = 11.4;
				LD_RUNPATH_SEARCH_PATHS = (
					"$(inherited)",
					"@executable_path/Frameworks",
				);
				PRODUCT_BUNDLE_IDENTIFIER = outraxx.de.Lockerphone;
				PRODUCT_NAME = "$(TARGET_NAME)";
				SDKROOT = iphoneos;
				SWIFT_VERSION = 4.0;
				TARGETED_DEVICE_FAMILY = "1,2";
			};
			name = Debug;
		};
		E9131479210B66EF00FB9C70 /* Release */ = {
			isa = XCBuildConfiguration;
			buildSettings = {
				ASSETCATALOG_COMPILER_APPICON_NAME = AppIcon;
				CODE_SIGN_IDENTITY = "iPhone Developer";
				CODE_SIGN_STYLE = Automatic;
				DEVELOPMENT_TEAM = E3QRUJBWAG;
				INFOPLIST_FILE = Lockerphone/Info.plist;
				IPHONEOS_DEPLOYMENT_TARGET = 11.4;
				LD_RUNPATH_SEARCH_PATHS = (
					"$(inherited)",
					"@executable_path/Frameworks",
				);
				PRODUCT_BUNDLE_IDENTIFIER = outraxx.de.Lockerphone;
				PRODUCT_NAME = "$(TARGET_NAME)";
				SDKROOT = iphoneos;
				SWIFT_VERSION = 4.0;
				TARGETED_DEVICE_FAMILY = "1,2";
				VALIDATE_PRODUCT = YES;
			};
			name = Release;
		};
/* End XCBuildConfiguration section */

/* Begin XCConfigurationList section */
		E90A3FDD20F7614400E98DB7 /* Build configuration list for PBXProject "Locker" */ = {
			isa = XCConfigurationList;
			buildConfigurations = (
				E90A3FEE20F7614500E98DB7 /* Debug */,
				E90A3FEF20F7614500E98DB7 /* Release */,
			);
			defaultConfigurationIsVisible = 0;
			defaultConfigurationName = Release;
		};
		E90A3FF020F7614500E98DB7 /* Build configuration list for PBXNativeTarget "locker" */ = {
			isa = XCConfigurationList;
			buildConfigurations = (
				E90A3FF120F7614500E98DB7 /* Debug */,
				E90A3FF220F7614500E98DB7 /* Release */,
			);
			defaultConfigurationIsVisible = 0;
			defaultConfigurationName = Release;
		};
		E913147A210B66EF00FB9C70 /* Build configuration list for PBXNativeTarget "Lockerphone" */ = {
			isa = XCConfigurationList;
			buildConfigurations = (
				E9131478210B66EF00FB9C70 /* Debug */,
				E9131479210B66EF00FB9C70 /* Release */,
			);
			defaultConfigurationIsVisible = 0;
			defaultConfigurationName = Release;
		};
/* End XCConfigurationList section */
	};
	rootObject = E90A3FDA20F7614400E98DB7 /* Project object */;
}
